{
  "object": {
    "pins": [
      {
        "package": "JSONLoader",
        "repositoryURL": "https://github.com/withertech/JSONLoader.git",
        "state": {
          "branch": "master",
          "revision": "de6d971524b3767036c114cfce32f51f6357eadb",
          "version": null
        }
      },
      {
        "package": "Kingfisher",
        "repositoryURL": "https://github.com/onevcat/Kingfisher.git",
        "state": {
          "branch": null,
          "revision": "44450a8f564d7c0165f736ba2250649ff8d3e556",
          "version": "6.3.0"
        }
      }
    ]
  },
  "version": 1
}
